// !$*UTF8*$!
{
	archiveVersion = 1;
	classes = {
	};
	objectVersion = 56;
	objects = {

/* Begin PBXBuildFile section */
		2D6CC6E32BDBA48E00401C9F /* LoadingCap.swift in Sources */ = {isa = PBXBuildFile; fileRef = 2D6CC6E22BDBA48E00401C9F /* LoadingCap.swift */; };
		2DDBC3D72BC5F7D1008171F9 /* LinkrApp.swift in Sources */ = {isa = PBXBuildFile; fileRef = 2DDBC3D62BC5F7D1008171F9 /* LinkrApp.swift */; };
		2DDBC3D92BC5F7D1008171F9 /* ContentView.swift in Sources */ = {isa = PBXBuildFile; fileRef = 2DDBC3D82BC5F7D1008171F9 /* ContentView.swift */; };
		2DDBC3DB2BC5F7D2008171F9 /* Assets.xcassets in Resources */ = {isa = PBXBuildFile; fileRef = 2DDBC3DA2BC5F7D2008171F9 /* Assets.xcassets */; };
		2DDBC3DE2BC5F7D2008171F9 /* Preview Assets.xcassets in Resources */ = {isa = PBXBuildFile; fileRef = 2DDBC3DD2BC5F7D2008171F9 /* Preview Assets.xcassets */; };
		2DDBC3E52BC6A239008171F9 /* UserModel.swift in Sources */ = {isa = PBXBuildFile; fileRef = 2DDBC3E42BC6A239008171F9 /* UserModel.swift */; };
		2DDBC3EC2BC6AD2E008171F9 /* ProfileView.swift in Sources */ = {isa = PBXBuildFile; fileRef = 2DDBC3EB2BC6AD2E008171F9 /* ProfileView.swift */; };
		2DDBC3EE2BC6B067008171F9 /* PickProfileView.swift in Sources */ = {isa = PBXBuildFile; fileRef = 2DDBC3ED2BC6B067008171F9 /* PickProfileView.swift */; };
		2DDBC3F02BC6B096008171F9 /* ProfileDisplay.swift in Sources */ = {isa = PBXBuildFile; fileRef = 2DDBC3EF2BC6B096008171F9 /* ProfileDisplay.swift */; };
		2DDBC3F22BC6B40B008171F9 /* ObservableObject.swift in Sources */ = {isa = PBXBuildFile; fileRef = 2DDBC3F12BC6B40B008171F9 /* ObservableObject.swift */; };
		2DDBC3F42BC7EF59008171F9 /* Welcome&Info(1).swift in Sources */ = {isa = PBXBuildFile; fileRef = 2DDBC3F32BC7EF59008171F9 /* Welcome&Info(1).swift */; };
		2DDBC3F62BC7F308008171F9 /* PersonalInfo(2).swift in Sources */ = {isa = PBXBuildFile; fileRef = 2DDBC3F52BC7F308008171F9 /* PersonalInfo(2).swift */; };
		2DDBC3FA2BC7F760008171F9 /* CommonButtonView.swift in Sources */ = {isa = PBXBuildFile; fileRef = 2DDBC3F92BC7F760008171F9 /* CommonButtonView.swift */; };
		2DDBC3FC2BC7F952008171F9 /* AccountLink(3).swift in Sources */ = {isa = PBXBuildFile; fileRef = 2DDBC3FB2BC7F952008171F9 /* AccountLink(3).swift */; };
		2DDBC3FE2BC8010D008171F9 /* PhotoPickerView.swift in Sources */ = {isa = PBXBuildFile; fileRef = 2DDBC3FD2BC8010D008171F9 /* PhotoPickerView.swift */; };
/* End PBXBuildFile section */

/* Begin PBXFileReference section */
		2D6CC6E22BDBA48E00401C9F /* LoadingCap.swift */ = {isa = PBXFileReference; lastKnownFileType = sourcecode.swift; path = LoadingCap.swift; sourceTree = "<group>"; };
		2DDBC3D32BC5F7D1008171F9 /* Linkr.app */ = {isa = PBXFileReference; explicitFileType = wrapper.application; includeInIndex = 0; path = Linkr.app; sourceTree = BUILT_PRODUCTS_DIR; };
		2DDBC3D62BC5F7D1008171F9 /* LinkrApp.swift */ = {isa = PBXFileReference; lastKnownFileType = sourcecode.swift; path = LinkrApp.swift; sourceTree = "<group>"; };
		2DDBC3D82BC5F7D1008171F9 /* ContentView.swift */ = {isa = PBXFileReference; lastKnownFileType = sourcecode.swift; path = ContentView.swift; sourceTree = "<group>"; };
		2DDBC3DA2BC5F7D2008171F9 /* Assets.xcassets */ = {isa = PBXFileReference; lastKnownFileType = folder.assetcatalog; path = Assets.xcassets; sourceTree = "<group>"; };
		2DDBC3DD2BC5F7D2008171F9 /* Preview Assets.xcassets */ = {isa = PBXFileReference; lastKnownFileType = folder.assetcatalog; path = "Preview Assets.xcassets"; sourceTree = "<group>"; };
		2DDBC3E42BC6A239008171F9 /* UserModel.swift */ = {isa = PBXFileReference; lastKnownFileType = sourcecode.swift; path = UserModel.swift; sourceTree = "<group>"; };
		2DDBC3EB2BC6AD2E008171F9 /* ProfileView.swift */ = {isa = PBXFileReference; lastKnownFileType = sourcecode.swift; path = ProfileView.swift; sourceTree = "<group>"; };
		2DDBC3ED2BC6B067008171F9 /* PickProfileView.swift */ = {isa = PBXFileReference; lastKnownFileType = sourcecode.swift; path = PickProfileView.swift; sourceTree = "<group>"; };
		2DDBC3EF2BC6B096008171F9 /* ProfileDisplay.swift */ = {isa = PBXFileReference; lastKnownFileType = sourcecode.swift; path = ProfileDisplay.swift; sourceTree = "<group>"; };
		2DDBC3F12BC6B40B008171F9 /* ObservableObject.swift */ = {isa = PBXFileReference; lastKnownFileType = sourcecode.swift; path = ObservableObject.swift; sourceTree = "<group>"; };
		2DDBC3F32BC7EF59008171F9 /* Welcome&Info(1).swift */ = {isa = PBXFileReference; lastKnownFileType = sourcecode.swift; path = "Welcome&Info(1).swift"; sourceTree = "<group>"; };
		2DDBC3F52BC7F308008171F9 /* PersonalInfo(2).swift */ = {isa = PBXFileReference; lastKnownFileType = sourcecode.swift; path = "PersonalInfo(2).swift"; sourceTree = "<group>"; };
		2DDBC3F92BC7F760008171F9 /* CommonButtonView.swift */ = {isa = PBXFileReference; lastKnownFileType = sourcecode.swift; path = CommonButtonView.swift; sourceTree = "<group>"; };
		2DDBC3FB2BC7F952008171F9 /* AccountLink(3).swift */ = {isa = PBXFileReference; lastKnownFileType = sourcecode.swift; path = "AccountLink(3).swift"; sourceTree = "<group>"; };
		2DDBC3FD2BC8010D008171F9 /* PhotoPickerView.swift */ = {isa = PBXFileReference; lastKnownFileType = sourcecode.swift; path = PhotoPickerView.swift; sourceTree = "<group>"; };
/* End PBXFileReference section */

/* Begin PBXFrameworksBuildPhase section */
		2DDBC3D02BC5F7D1008171F9 /* Frameworks */ = {
			isa = PBXFrameworksBuildPhase;
			buildActionMask = 2147483647;
			files = (
			);
			runOnlyForDeploymentPostprocessing = 0;
		};
/* End PBXFrameworksBuildPhase section */

/* Begin PBXGroup section */
		2DDBC3CA2BC5F7D1008171F9 = {
			isa = PBXGroup;
			children = (
				2DDBC3D52BC5F7D1008171F9 /* Linkr */,
				2DDBC3D42BC5F7D1008171F9 /* Products */,
			);
			sourceTree = "<group>";
		};
		2DDBC3D42BC5F7D1008171F9 /* Products */ = {
			isa = PBXGroup;
			children = (
				2DDBC3D32BC5F7D1008171F9 /* Linkr.app */,
			);
			name = Products;
			sourceTree = "<group>";
		};
		2DDBC3D52BC5F7D1008171F9 /* Linkr */ = {
			isa = PBXGroup;
			children = (
				2DDBC3D62BC5F7D1008171F9 /* LinkrApp.swift */,
				2DDBC3FF2BCC3153008171F9 /* Data */,
				2DDBC3E62BC6A335008171F9 /* Main */,
				2DDBC3F72BC7F314008171F9 /* Onboard */,
				2DDBC3F82BC7F746008171F9 /* Extras */,
				2DDBC3DA2BC5F7D2008171F9 /* Assets.xcassets */,
				2DDBC3DC2BC5F7D2008171F9 /* Preview Content */,
			);
			path = Linkr;
			sourceTree = "<group>";
		};
		2DDBC3DC2BC5F7D2008171F9 /* Preview Content */ = {
			isa = PBXGroup;
			children = (
				2DDBC3DD2BC5F7D2008171F9 /* Preview Assets.xcassets */,
			);
			path = "Preview Content";
			sourceTree = "<group>";
		};
		2DDBC3E62BC6A335008171F9 /* Main */ = {
			isa = PBXGroup;
			children = (
				2DDBC3D82BC5F7D1008171F9 /* ContentView.swift */,
				2DDBC3EB2BC6AD2E008171F9 /* ProfileView.swift */,
				2DDBC3ED2BC6B067008171F9 /* PickProfileView.swift */,
				2DDBC3EF2BC6B096008171F9 /* ProfileDisplay.swift */,
			);
			path = Main;
			sourceTree = "<group>";
		};
		2DDBC3F72BC7F314008171F9 /* Onboard */ = {
			isa = PBXGroup;
			children = (
				2DDBC3F32BC7EF59008171F9 /* Welcome&Info(1).swift */,
				2DDBC3F52BC7F308008171F9 /* PersonalInfo(2).swift */,
				2DDBC3FB2BC7F952008171F9 /* AccountLink(3).swift */,
			);
			path = Onboard;
			sourceTree = "<group>";
		};
		2DDBC3F82BC7F746008171F9 /* Extras */ = {
			isa = PBXGroup;
			children = (
				2DDBC3FD2BC8010D008171F9 /* PhotoPickerView.swift */,
				2DDBC3F92BC7F760008171F9 /* CommonButtonView.swift */,
				2D6CC6E22BDBA48E00401C9F /* LoadingCap.swift */,
			);
			path = Extras;
			sourceTree = "<group>";
		};
		2DDBC3FF2BCC3153008171F9 /* Data */ = {
			isa = PBXGroup;
			children = (
				2DDBC3E42BC6A239008171F9 /* UserModel.swift */,
				2DDBC3F12BC6B40B008171F9 /* ObservableObject.swift */,
			);
			path = Data;
			sourceTree = "<group>";
		};
/* End PBXGroup section */

/* Begin PBXNativeTarget section */
		2DDBC3D22BC5F7D1008171F9 /* Linkr */ = {
			isa = PBXNativeTarget;
			buildConfigurationList = 2DDBC3E12BC5F7D2008171F9 /* Build configuration list for PBXNativeTarget "Linkr" */;
			buildPhases = (
				2DDBC3CF2BC5F7D1008171F9 /* Sources */,
				2DDBC3D02BC5F7D1008171F9 /* Frameworks */,
				2DDBC3D12BC5F7D1008171F9 /* Resources */,
			);
			buildRules = (
			);
			dependencies = (
			);
			name = Linkr;
			productName = Linkr;
			productReference = 2DDBC3D32BC5F7D1008171F9 /* Linkr.app */;
			productType = "com.apple.product-type.application";
		};
/* End PBXNativeTarget section */

/* Begin PBXProject section */
		2DDBC3CB2BC5F7D1008171F9 /* Project object */ = {
			isa = PBXProject;
			attributes = {
				BuildIndependentTargetsInParallel = 1;
				LastSwiftUpdateCheck = 1520;
				LastUpgradeCheck = 1520;
				TargetAttributes = {
					2DDBC3D22BC5F7D1008171F9 = {
						CreatedOnToolsVersion = 15.2;
					};
				};
			};
			buildConfigurationList = 2DDBC3CE2BC5F7D1008171F9 /* Build configuration list for PBXProject "Linkr" */;
			compatibilityVersion = "Xcode 14.0";
			developmentRegion = en;
			hasScannedForEncodings = 0;
			knownRegions = (
				en,
				Base,
			);
			mainGroup = 2DDBC3CA2BC5F7D1008171F9;
			productRefGroup = 2DDBC3D42BC5F7D1008171F9 /* Products */;
			projectDirPath = "";
			projectRoot = "";
			targets = (
				2DDBC3D22BC5F7D1008171F9 /* Linkr */,
			);
		};
/* End PBXProject section */

/* Begin PBXResourcesBuildPhase section */
		2DDBC3D12BC5F7D1008171F9 /* Resources */ = {
			isa = PBXResourcesBuildPhase;
			buildActionMask = 2147483647;
			files = (
				2DDBC3DE2BC5F7D2008171F9 /* Preview Assets.xcassets in Resources */,
				2DDBC3DB2BC5F7D2008171F9 /* Assets.xcassets in Resources */,
			);
			runOnlyForDeploymentPostprocessing = 0;
		};
/* End PBXResourcesBuildPhase section */

/* Begin PBXSourcesBuildPhase section */
		2DDBC3CF2BC5F7D1008171F9 /* Sources */ = {
			isa = PBXSourcesBuildPhase;
			buildActionMask = 2147483647;
			files = (
				2DDBC3D92BC5F7D1008171F9 /* ContentView.swift in Sources */,
				2DDBC3E52BC6A239008171F9 /* UserModel.swift in Sources */,
				2DDBC3F62BC7F308008171F9 /* PersonalInfo(2).swift in Sources */,
				2DDBC3FA2BC7F760008171F9 /* CommonButtonView.swift in Sources */,
				2DDBC3EC2BC6AD2E008171F9 /* ProfileView.swift in Sources */,
				2D6CC6E32BDBA48E00401C9F /* LoadingCap.swift in Sources */,
				2DDBC3F42BC7EF59008171F9 /* Welcome&Info(1).swift in Sources */,
				2DDBC3FC2BC7F952008171F9 /* AccountLink(3).swift in Sources */,
				2DDBC3FE2BC8010D008171F9 /* PhotoPickerView.swift in Sources */,
				2DDBC3D72BC5F7D1008171F9 /* LinkrApp.swift in Sources */,
				2DDBC3F22BC6B40B008171F9 /* ObservableObject.swift in Sources */,
				2DDBC3F02BC6B096008171F9 /* ProfileDisplay.swift in Sources */,
				2DDBC3EE2BC6B067008171F9 /* PickProfileView.swift in Sources */,
			);
			runOnlyForDeploymentPostprocessing = 0;
		};
/* End PBXSourcesBuildPhase section */

/* Begin XCBuildConfiguration section */
		2DDBC3DF2BC5F7D2008171F9 /* Debug */ = {
			isa = XCBuildConfiguration;
			buildSettings = {
				ALWAYS_SEARCH_USER_PATHS = NO;
				ASSETCATALOG_COMPILER_GENERATE_SWIFT_ASSET_SYMBOL_EXTENSIONS = YES;
				CLANG_ANALYZER_NONNULL = YES;
				CLANG_ANALYZER_NUMBER_OBJECT_CONVERSION = YES_AGGRESSIVE;
				CLANG_CXX_LANGUAGE_STANDARD = "gnu++20";
				CLANG_ENABLE_MODULES = YES;
				CLANG_ENABLE_OBJC_ARC = YES;
				CLANG_ENABLE_OBJC_WEAK = YES;
				CLANG_WARN_BLOCK_CAPTURE_AUTORELEASING = YES;
				CLANG_WARN_BOOL_CONVERSION = YES;
				CLANG_WARN_COMMA = YES;
				CLANG_WARN_CONSTANT_CONVERSION = YES;
				CLANG_WARN_DEPRECATED_OBJC_IMPLEMENTATIONS = YES;
				CLANG_WARN_DIRECT_OBJC_ISA_USAGE = YES_ERROR;
				CLANG_WARN_DOCUMENTATION_COMMENTS = YES;
				CLANG_WARN_EMPTY_BODY = YES;
				CLANG_WARN_ENUM_CONVERSION = YES;
				CLANG_WARN_INFINITE_RECURSION = YES;
				CLANG_WARN_INT_CONVERSION = YES;
				CLANG_WARN_NON_LITERAL_NULL_CONVERSION = YES;
				CLANG_WARN_OBJC_IMPLICIT_RETAIN_SELF = YES;
				CLANG_WARN_OBJC_LITERAL_CONVERSION = YES;
				CLANG_WARN_OBJC_ROOT_CLASS = YES_ERROR;
				CLANG_WARN_QUOTED_INCLUDE_IN_FRAMEWORK_HEADER = YES;
				CLANG_WARN_RANGE_LOOP_ANALYSIS = YES;
				CLANG_WARN_STRICT_PROTOTYPES = YES;
				CLANG_WARN_SUSPICIOUS_MOVE = YES;
				CLANG_WARN_UNGUARDED_AVAILABILITY = YES_AGGRESSIVE;
				CLANG_WARN_UNREACHABLE_CODE = YES;
				CLANG_WARN__DUPLICATE_METHOD_MATCH = YES;
				COPY_PHASE_STRIP = NO;
				DEBUG_INFORMATION_FORMAT = dwarf;
				ENABLE_STRICT_OBJC_MSGSEND = YES;
				ENABLE_TESTABILITY = YES;
				ENABLE_USER_SCRIPT_SANDBOXING = YES;
				GCC_C_LANGUAGE_STANDARD = gnu17;
				GCC_DYNAMIC_NO_PIC = NO;
				GCC_NO_COMMON_BLOCKS = YES;
				GCC_OPTIMIZATION_LEVEL = 0;
				GCC_PREPROCESSOR_DEFINITIONS = (
					"DEBUG=1",
					"$(inherited)",
				);
				GCC_WARN_64_TO_32_BIT_CONVERSION = YES;
				GCC_WARN_ABOUT_RETURN_TYPE = YES_ERROR;
				GCC_WARN_UNDECLARED_SELECTOR = YES;
				GCC_WARN_UNINITIALIZED_AUTOS = YES_AGGRESSIVE;
				GCC_WARN_UNUSED_FUNCTION = YES;
				GCC_WARN_UNUSED_VARIABLE = YES;
				IPHONEOS_DEPLOYMENT_TARGET = 17.2;
				LOCALIZATION_PREFERS_STRING_CATALOGS = YES;
				MTL_ENABLE_DEBUG_INFO = INCLUDE_SOURCE;
				MTL_FAST_MATH = YES;
				ONLY_ACTIVE_ARCH = YES;
				SDKROOT = iphoneos;
				SWIFT_ACTIVE_COMPILATION_CONDITIONS = "DEBUG $(inherited)";
				SWIFT_OPTIMIZATION_LEVEL = "-Onone";
			};
			name = Debug;
		};
		2DDBC3E02BC5F7D2008171F9 /* Release */ = {
			isa = XCBuildConfiguration;
			buildSettings = {
				ALWAYS_SEARCH_USER_PATHS = NO;
				ASSETCATALOG_COMPILER_GENERATE_SWIFT_ASSET_SYMBOL_EXTENSIONS = YES;
				CLANG_ANALYZER_NONNULL = YES;
				CLANG_ANALYZER_NUMBER_OBJECT_CONVERSION = YES_AGGRESSIVE;
				CLANG_CXX_LANGUAGE_STANDARD = "gnu++20";
				CLANG_ENABLE_MODULES = YES;
				CLANG_ENABLE_OBJC_ARC = YES;
				CLANG_ENABLE_OBJC_WEAK = YES;
				CLANG_WARN_BLOCK_CAPTURE_AUTORELEASING = YES;
				CLANG_WARN_BOOL_CONVERSION = YES;
				CLANG_WARN_COMMA = YES;
				CLANG_WARN_CONSTANT_CONVERSION = YES;
				CLANG_WARN_DEPRECATED_OBJC_IMPLEMENTATIONS = YES;
				CLANG_WARN_DIRECT_OBJC_ISA_USAGE = YES_ERROR;
				CLANG_WARN_DOCUMENTATION_COMMENTS = YES;
				CLANG_WARN_EMPTY_BODY = YES;
				CLANG_WARN_ENUM_CONVERSION = YES;
				CLANG_WARN_INFINITE_RECURSION = YES;
				CLANG_WARN_INT_CONVERSION = YES;
				CLANG_WARN_NON_LITERAL_NULL_CONVERSION = YES;
				CLANG_WARN_OBJC_IMPLICIT_RETAIN_SELF = YES;
				CLANG_WARN_OBJC_LITERAL_CONVERSION = YES;
				CLANG_WARN_OBJC_ROOT_CLASS = YES_ERROR;
				CLANG_WARN_QUOTED_INCLUDE_IN_FRAMEWORK_HEADER = YES;
				CLANG_WARN_RANGE_LOOP_ANALYSIS = YES;
				CLANG_WARN_STRICT_PROTOTYPES = YES;
				CLANG_WARN_SUSPICIOUS_MOVE = YES;
				CLANG_WARN_UNGUARDED_AVAILABILITY = YES_AGGRESSIVE;
				CLANG_WARN_UNREACHABLE_CODE = YES;
				CLANG_WARN__DUPLICATE_METHOD_MATCH = YES;
				COPY_PHASE_STRIP = NO;
				DEBUG_INFORMATION_FORMAT = "dwarf-with-dsym";
				ENABLE_NS_ASSERTIONS = NO;
				ENABLE_STRICT_OBJC_MSGSEND = YES;
				ENABLE_USER_SCRIPT_SANDBOXING = YES;
				GCC_C_LANGUAGE_STANDARD = gnu17;
				GCC_NO_COMMON_BLOCKS = YES;
				GCC_WARN_64_TO_32_BIT_CONVERSION = YES;
				GCC_WARN_ABOUT_RETURN_TYPE = YES_ERROR;
				GCC_WARN_UNDECLARED_SELECTOR = YES;
				GCC_WARN_UNINITIALIZED_AUTOS = YES_AGGRESSIVE;
				GCC_WARN_UNUSED_FUNCTION = YES;
				GCC_WARN_UNUSED_VARIABLE = YES;
				IPHONEOS_DEPLOYMENT_TARGET = 17.2;
				LOCALIZATION_PREFERS_STRING_CATALOGS = YES;
				MTL_ENABLE_DEBUG_INFO = NO;
				MTL_FAST_MATH = YES;
				SDKROOT = iphoneos;
				SWIFT_COMPILATION_MODE = wholemodule;
				VALIDATE_PRODUCT = YES;
			};
			name = Release;
		};
		2DDBC3E22BC5F7D2008171F9 /* Debug */ = {
			isa = XCBuildConfiguration;
			buildSettings = {
				ASSETCATALOG_COMPILER_APPICON_NAME = AppIcon;
				ASSETCATALOG_COMPILER_GLOBAL_ACCENT_COLOR_NAME = AccentColor;
				CODE_SIGN_STYLE = Automatic;
				CURRENT_PROJECT_VERSION = 1;
				DEVELOPMENT_ASSET_PATHS = "\"Linkr/Preview Content\"";
				DEVELOPMENT_TEAM = RTNB77DG84;
				ENABLE_PREVIEWS = YES;
				GENERATE_INFOPLIST_FILE = YES;
				INFOPLIST_KEY_UIApplicationSceneManifest_Generation = YES;
				INFOPLIST_KEY_UIApplicationSupportsIndirectInputEvents = YES;
				INFOPLIST_KEY_UILaunchScreen_Generation = YES;
				INFOPLIST_KEY_UISupportedInterfaceOrientations_iPad = "UIInterfaceOrientationPortrait UIInterfaceOrientationPortraitUpsideDown UIInterfaceOrientationLandscapeLeft UIInterfaceOrientationLandscapeRight";
				INFOPLIST_KEY_UISupportedInterfaceOrientations_iPhone = "UIInterfaceOrientationPortrait UIInterfaceOrientationLandscapeLeft UIInterfaceOrientationLandscapeRight";
				LD_RUNPATH_SEARCH_PATHS = (
					"$(inherited)",
					"@executable_path/Frameworks",
				);
				MARKETING_VERSION = 1.0;
				PRODUCT_BUNDLE_IDENTIFIER = Ambill.Linkr;
				PRODUCT_NAME = "$(TARGET_NAME)";
				SWIFT_EMIT_LOC_STRINGS = YES;
				SWIFT_VERSION = 5.0;
				TARGETED_DEVICE_FAMILY = "1,2";
			};
			name = Debug;
		};
		2DDBC3E32BC5F7D2008171F9 /* Release */ = {
			isa = XCBuildConfiguration;
			buildSettings = {
				ASSETCATALOG_COMPILER_APPICON_NAME = AppIcon;
				ASSETCATALOG_COMPILER_GLOBAL_ACCENT_COLOR_NAME = AccentColor;
				CODE_SIGN_STYLE = Automatic;
				CURRENT_PROJECT_VERSION = 1;
				DEVELOPMENT_ASSET_PATHS = "\"Linkr/Preview Content\"";
				DEVELOPMENT_TEAM = RTNB77DG84;
				ENABLE_PREVIEWS = YES;
				GENERATE_INFOPLIST_FILE = YES;
				INFOPLIST_KEY_UIApplicationSceneManifest_Generation = YES;
				INFOPLIST_KEY_UIApplicationSupportsIndirectInputEvents = YES;
				INFOPLIST_KEY_UILaunchScreen_Generation = YES;
				INFOPLIST_KEY_UISupportedInterfaceOrientations_iPad = "UIInterfaceOrientationPortrait UIInterfaceOrientationPortraitUpsideDown UIInterfaceOrientationLandscapeLeft UIInterfaceOrientationLandscapeRight";
				INFOPLIST_KEY_UISupportedInterfaceOrientations_iPhone = "UIInterfaceOrientationPortrait UIInterfaceOrientationLandscapeLeft UIInterfaceOrientationLandscapeRight";
				LD_RUNPATH_SEARCH_PATHS = (
					"$(inherited)",
					"@executable_path/Frameworks",
				);
				MARKETING_VERSION = 1.0;
				PRODUCT_BUNDLE_IDENTIFIER = Ambill.Linkr;
				PRODUCT_NAME = "$(TARGET_NAME)";
				SWIFT_EMIT_LOC_STRINGS = YES;
				SWIFT_VERSION = 5.0;
				TARGETED_DEVICE_FAMILY = "1,2";
			};
			name = Release;
		};
/* End XCBuildConfiguration section */

/* Begin XCConfigurationList section */
		2DDBC3CE2BC5F7D1008171F9 /* Build configuration list for PBXProject "Linkr" */ = {
			isa = XCConfigurationList;
			buildConfigurations = (
				2DDBC3DF2BC5F7D2008171F9 /* Debug */,
				2DDBC3E02BC5F7D2008171F9 /* Release */,
			);
			defaultConfigurationIsVisible = 0;
			defaultConfigurationName = Release;
		};
		2DDBC3E12BC5F7D2008171F9 /* Build configuration list for PBXNativeTarget "Linkr" */ = {
			isa = XCConfigurationList;
			buildConfigurations = (
				2DDBC3E22BC5F7D2008171F9 /* Debug */,
				2DDBC3E32BC5F7D2008171F9 /* Release */,
			);
			defaultConfigurationIsVisible = 0;
			defaultConfigurationName = Release;
		};
/* End XCConfigurationList section */
	};
	rootObject = 2DDBC3CB2BC5F7D1008171F9 /* Project object */;
}
